
Microsoft Visual Studio Solution File, Format Version 12.00
Project("{FAE04EC0-301F-11D3-BF4B-00C04F79EFBC}") = "src\Service", "src\Service\Service.csproj", "{22DE34E7-D30F-4C56-91D8-2C8530081C91}"
EndProject
Project("{2150E333-8FDC-42A3-9474-1A3956D46DE8}") = "src", "src", "{54B530A3-C8E0-4597-A7DA-B1B7F93BD431}"
EndProject
Project("{2150E333-8FDC-42A3-9474-1A3956D46DE8}") = "tests", "tests", "{7436A8B7-4806-4867-8B24-268BCC58095E}"
EndProject
Project("{FAE04EC0-301F-11D3-BF4B-00C04F79EFBC}") = "Domain", "src\Domain\Domain.csproj", "{BFB65DF9-8F2A-4228-9EBA-668FD6603125}"
EndProject
Project("{FAE04EC0-301F-11D3-BF4B-00C04F79EFBC}") = "Application", "src\Application\Application.csproj", "{98328B8F-2045-47FE-97EF-F36F42D18845}"
EndProject
Project("{FAE04EC0-301F-11D3-BF4B-00C04F79EFBC}") = "Infrastructure", "src\Infrastructure\Infrastructure.csproj", "{142DE582-A0FD-4BA5-AEF8-EE46A2EB3374}"
EndProject
Project("{FAE04EC0-301F-11D3-BF4B-00C04F79EFBC}") = "Infrastructure.Integration", "tests\Infrastructure.Integration\Infrastructure.Integration.csproj", "{AC97E196-A194-47D4-BA24-C7C24493D961}"
EndProject
Project("{FAE04EC0-301F-11D3-BF4B-00C04F79EFBC}") = "Shared", "tests\Shared\Shared.csproj", "{FFA682DA-6185-4BDD-B90C-678ECD66DF3A}"
EndProject
Project("{FAE04EC0-301F-11D3-BF4B-00C04F79EFBC}") = "Service.Integration", "tests\Service.Integration\Service.Integration.csproj", "{EE68C5F1-D478-466B-A4E6-99DF37FDF846}"
EndProject
Global
	GlobalSection(SolutionConfigurationPlatforms) = preSolution
		Debug|Any CPU = Debug|Any CPU
		Release|Any CPU = Release|Any CPU
	EndGlobalSection
	GlobalSection(ProjectConfigurationPlatforms) = postSolution
		{22DE34E7-D30F-4C56-91D8-2C8530081C91}.Debug|Any CPU.ActiveCfg = Debug|Any CPU
		{22DE34E7-D30F-4C56-91D8-2C8530081C91}.Debug|Any CPU.Build.0 = Debug|Any CPU
		{22DE34E7-D30F-4C56-91D8-2C8530081C91}.Release|Any CPU.ActiveCfg = Release|Any CPU
		{22DE34E7-D30F-4C56-91D8-2C8530081C91}.Release|Any CPU.Build.0 = Release|Any CPU
		{BFB65DF9-8F2A-4228-9EBA-668FD6603125}.Debug|Any CPU.ActiveCfg = Debug|Any CPU
		{BFB65DF9-8F2A-4228-9EBA-668FD6603125}.Debug|Any CPU.Build.0 = Debug|Any CPU
		{BFB65DF9-8F2A-4228-9EBA-668FD6603125}.Release|Any CPU.ActiveCfg = Release|Any CPU
		{BFB65DF9-8F2A-4228-9EBA-668FD6603125}.Release|Any CPU.Build.0 = Release|Any CPU
		{98328B8F-2045-47FE-97EF-F36F42D18845}.Debug|Any CPU.ActiveCfg = Debug|Any CPU
		{98328B8F-2045-47FE-97EF-F36F42D18845}.Debug|Any CPU.Build.0 = Debug|Any CPU
		{98328B8F-2045-47FE-97EF-F36F42D18845}.Release|Any CPU.ActiveCfg = Release|Any CPU
		{98328B8F-2045-47FE-97EF-F36F42D18845}.Release|Any CPU.Build.0 = Release|Any CPU
		{142DE582-A0FD-4BA5-AEF8-EE46A2EB3374}.Debug|Any CPU.ActiveCfg = Debug|Any CPU
		{142DE582-A0FD-4BA5-AEF8-EE46A2EB3374}.Debug|Any CPU.Build.0 = Debug|Any CPU
		{142DE582-A0FD-4BA5-AEF8-EE46A2EB3374}.Release|Any CPU.ActiveCfg = Release|Any CPU
		{142DE582-A0FD-4BA5-AEF8-EE46A2EB3374}.Release|Any CPU.Build.0 = Release|Any CPU
		{AC97E196-A194-47D4-BA24-C7C24493D961}.Debug|Any CPU.ActiveCfg = Debug|Any CPU
		{AC97E196-A194-47D4-BA24-C7C24493D961}.Debug|Any CPU.Build.0 = Debug|Any CPU
		{AC97E196-A194-47D4-BA24-C7C24493D961}.Release|Any CPU.ActiveCfg = Release|Any CPU
		{AC97E196-A194-47D4-BA24-C7C24493D961}.Release|Any CPU.Build.0 = Release|Any CPU
		{FFA682DA-6185-4BDD-B90C-678ECD66DF3A}.Debug|Any CPU.ActiveCfg = Debug|Any CPU
		{FFA682DA-6185-4BDD-B90C-678ECD66DF3A}.Debug|Any CPU.Build.0 = Debug|Any CPU
		{FFA682DA-6185-4BDD-B90C-678ECD66DF3A}.Release|Any CPU.ActiveCfg = Release|Any CPU
		{FFA682DA-6185-4BDD-B90C-678ECD66DF3A}.Release|Any CPU.Build.0 = Release|Any CPU
		{EE68C5F1-D478-466B-A4E6-99DF37FDF846}.Debug|Any CPU.ActiveCfg = Debug|Any CPU
		{EE68C5F1-D478-466B-A4E6-99DF37FDF846}.Debug|Any CPU.Build.0 = Debug|Any CPU
		{EE68C5F1-D478-466B-A4E6-99DF37FDF846}.Release|Any CPU.ActiveCfg = Release|Any CPU
		{EE68C5F1-D478-466B-A4E6-99DF37FDF846}.Release|Any CPU.Build.0 = Release|Any CPU
	EndGlobalSection
	GlobalSection(NestedProjects) = preSolution
		{22DE34E7-D30F-4C56-91D8-2C8530081C91} = {54B530A3-C8E0-4597-A7DA-B1B7F93BD431}
		{BFB65DF9-8F2A-4228-9EBA-668FD6603125} = {54B530A3-C8E0-4597-A7DA-B1B7F93BD431}
		{98328B8F-2045-47FE-97EF-F36F42D18845} = {54B530A3-C8E0-4597-A7DA-B1B7F93BD431}
		{142DE582-A0FD-4BA5-AEF8-EE46A2EB3374} = {54B530A3-C8E0-4597-A7DA-B1B7F93BD431}
		{AC97E196-A194-47D4-BA24-C7C24493D961} = {7436A8B7-4806-4867-8B24-268BCC58095E}
		{FFA682DA-6185-4BDD-B90C-678ECD66DF3A} = {7436A8B7-4806-4867-8B24-268BCC58095E}
		{EE68C5F1-D478-466B-A4E6-99DF37FDF846} = {7436A8B7-4806-4867-8B24-268BCC58095E}
	EndGlobalSection
EndGlobal
